
Microsoft Visual Studio Solution File, Format Version 12.00
# Visual Studio Version 16
VisualStudioVersion = 16.0.32413.511
MinimumVisualStudioVersion = 10.0.40219.1
Project("{FAE04EC0-301F-11D3-BF4B-00C04F79EFBC}") = "Implement_JWT_token_In_Web_Api", "Implement_JWT_token_In_Web_Api\Implement_JWT_token_In_Web_Api.csproj", "{8498F3BA-A0FD-43C7-B615-694B1E1CAC6D}"
EndProject
Global
	GlobalSection(SolutionConfigurationPlatforms) = preSolution
		Debug|Any CPU = Debug|Any CPU
		Release|Any CPU = Release|Any CPU
	EndGlobalSection
	GlobalSection(ProjectConfigurationPlatforms) = postSolution
		{8498F3BA-A0FD-43C7-B615-694B1E1CAC6D}.Debug|Any CPU.ActiveCfg = Debug|Any CPU
		{8498F3BA-A0FD-43C7-B615-694B1E1CAC6D}.Debug|Any CPU.Build.0 = Debug|Any CPU
		{8498F3BA-A0FD-43C7-B615-694B1E1CAC6D}.Release|Any CPU.ActiveCfg = Release|Any CPU
		{8498F3BA-A0FD-43C7-B615-694B1E1CAC6D}.Release|Any CPU.Build.0 = Release|Any CPU
	EndGlobalSection
	GlobalSection(SolutionProperties) = preSolution
		HideSolutionNode = FALSE
	EndGlobalSection
	GlobalSection(ExtensibilityGlobals) = postSolution
		SolutionGuid = {5B023584-0A3A-4D68-BC73-8221BDBA7D88}
	EndGlobalSection
EndGlobal
